
Microsoft Visual Studio Solution File, Format Version 12.00
# Visual Studio Version 16
VisualStudioVersion = 16.0.31702.278
MinimumVisualStudioVersion = 10.0.40219.1
Project("{8BC9CEB8-8B4A-11D0-8D11-00A0C91BC942}") = "Table", "Table\Table.vcxproj", "{F86243A6-B0DD-4AB4-B075-4EEEC41F9B0B}"
EndProject
Project("{8BC9CEB8-8B4A-11D0-8D11-00A0C91BC942}") = "TestProject", "TestProject\TestProject.vcxproj", "{0C53C3CE-45E6-4905-8FE0-0D0086655102}"
EndProject
Global
	GlobalSection(SolutionConfigurationPlatforms) = preSolution
		Debug|x64 = Debug|x64
		Debug|x86 = Debug|x86
		Release|x64 = Release|x64
		Release|x86 = Release|x86
	EndGlobalSection
	GlobalSection(ProjectConfigurationPlatforms) = postSolution
		{F86243A6-B0DD-4AB4-B075-4EEEC41F9B0B}.Debug|x64.ActiveCfg = Debug|x64
		{F86243A6-B0DD-4AB4-B075-4EEEC41F9B0B}.Debug|x64.Build.0 = Debug|x64
		{F86243A6-B0DD-4AB4-B075-4EEEC41F9B0B}.Debug|x86.ActiveCfg = Debug|Win32
		{F86243A6-B0DD-4AB4-B075-4EEEC41F9B0B}.Debug|x86.Build.0 = Debug|Win32
		{F86243A6-B0DD-4AB4-B075-4EEEC41F9B0B}.Release|x64.ActiveCfg = Release|x64
		{F86243A6-B0DD-4AB4-B075-4EEEC41F9B0B}.Release|x64.Build.0 = Release|x64
		{F86243A6-B0DD-4AB4-B075-4EEEC41F9B0B}.Release|x86.ActiveCfg = Release|Win32
		{F86243A6-B0DD-4AB4-B075-4EEEC41F9B0B}.Release|x86.Build.0 = Release|Win32
		{0C53C3CE-45E6-4905-8FE0-0D0086655102}.Debug|x64.ActiveCfg = Debug|x64
		{0C53C3CE-45E6-4905-8FE0-0D0086655102}.Debug|x64.Build.0 = Debug|x64
		{0C53C3CE-45E6-4905-8FE0-0D0086655102}.Debug|x86.ActiveCfg = Debug|Win32
		{0C53C3CE-45E6-4905-8FE0-0D0086655102}.Debug|x86.Build.0 = Debug|Win32
		{0C53C3CE-45E6-4905-8FE0-0D0086655102}.Release|x64.ActiveCfg = Release|x64
		{0C53C3CE-45E6-4905-8FE0-0D0086655102}.Release|x64.Build.0 = Release|x64
		{0C53C3CE-45E6-4905-8FE0-0D0086655102}.Release|x86.ActiveCfg = Release|Win32
		{0C53C3CE-45E6-4905-8FE0-0D0086655102}.Release|x86.Build.0 = Release|Win32
	EndGlobalSection
	GlobalSection(SolutionProperties) = preSolution
		HideSolutionNode = FALSE
	EndGlobalSection
	GlobalSection(ExtensibilityGlobals) = postSolution
		SolutionGuid = {FED3858F-C672-455B-A24E-7DC27BDC6ABF}
	EndGlobalSection
EndGlobal
